
Microsoft Visual Studio Solution File, Format Version 12.00
# Visual Studio Version 17
VisualStudioVersion = 17.3.32901.215
MinimumVisualStudioVersion = 10.0.40219.1
Project("{9A19103F-16F7-4668-BE54-9A1E7A4F7556}") = "Do-You-See-Sharp", "Do-You-See-Sharp\Do-You-See-Sharp.csproj", "{09290B9B-2ACB-4AB4-A632-EC7ECD3B6329}"
EndProject
Global
	GlobalSection(SolutionConfigurationPlatforms) = preSolution
		Debug|Any CPU = Debug|Any CPU
		Release|Any CPU = Release|Any CPU
	EndGlobalSection
	GlobalSection(ProjectConfigurationPlatforms) = postSolution
		{09290B9B-2ACB-4AB4-A632-EC7ECD3B6329}.Debug|Any CPU.ActiveCfg = Debug|Any CPU
		{09290B9B-2ACB-4AB4-A632-EC7ECD3B6329}.Debug|Any CPU.Build.0 = Debug|Any CPU
		{09290B9B-2ACB-4AB4-A632-EC7ECD3B6329}.Release|Any CPU.ActiveCfg = Release|Any CPU
		{09290B9B-2ACB-4AB4-A632-EC7ECD3B6329}.Release|Any CPU.Build.0 = Release|Any CPU
	EndGlobalSection
	GlobalSection(SolutionProperties) = preSolution
		HideSolutionNode = FALSE
	EndGlobalSection
	GlobalSection(ExtensibilityGlobals) = postSolution
		SolutionGuid = {65252F2D-53B8-4714-B70E-79AE11B9B5E2}
	EndGlobalSection
EndGlobal
